
Microsoft Visual Studio Solution File, Format Version 12.00
# Visual Studio Version 16
VisualStudioVersion = 16.0.30717.126
MinimumVisualStudioVersion = 10.0.40219.1
Project("{FAE04EC0-301F-11D3-BF4B-00C04F79EFBC}") = "CApp", "CApp.csproj", "{619EA645-FC01-4441-8A86-D07994FEF089}"
EndProject
Global
	GlobalSection(SolutionConfigurationPlatforms) = preSolution
		Debug|Any CPU = Debug|Any CPU
		Release|Any CPU = Release|Any CPU
	EndGlobalSection
	GlobalSection(ProjectConfigurationPlatforms) = postSolution
		{619EA645-FC01-4441-8A86-D07994FEF089}.Debug|Any CPU.ActiveCfg = Debug|Any CPU
		{619EA645-FC01-4441-8A86-D07994FEF089}.Debug|Any CPU.Build.0 = Debug|Any CPU
		{619EA645-FC01-4441-8A86-D07994FEF089}.Release|Any CPU.ActiveCfg = Release|Any CPU
		{619EA645-FC01-4441-8A86-D07994FEF089}.Release|Any CPU.Build.0 = Release|Any CPU
	EndGlobalSection
	GlobalSection(SolutionProperties) = preSolution
		HideSolutionNode = FALSE
	EndGlobalSection
	GlobalSection(ExtensibilityGlobals) = postSolution
		SolutionGuid = {2AC5DE98-689F-4244-B5F0-B3B4AF4D9BD8}
	EndGlobalSection
EndGlobal
